--index-url https://pypi.org/simple
--only-binary :all:

# Platform lock: CPython 3.14, Windows x86-64.
# Generated from the approved PyPI source for NCIE-WBS15-OWNER-DECISION-2026-09-17-002.
ast-serialize==0.11.2 \
    --hash=sha256:b9065dd23131a23b41f5bab3bf4e9b3c350a3fe8e36e8200eded9b729fcea484
librt==0.15.0 \
    --hash=sha256:3ff5893a2c23d886aa9ce786de5ac6ddc74aeeaf90743682b74d920e117d2e28
mypy==2.3.1 \
    --hash=sha256:4956f34d145e145562a0a0bf367f642bbc85c04ec2baf47ae015947c3169a85d
mypy-extensions==1.1.0 \
    --hash=sha256:1be4cccdb0f2482337c4743e60421de3a356cd97508abadd57d47403e94f5505
pathspec==1.1.1 \
    --hash=sha256:a00ce642f577bf7f473932318056212bc4f8bfdf53128c78bbd5af0b9b20b189
ruff==0.16.8 \
    --hash=sha256:a6b85621fd3c81e31fc5f5add09c9c078b430db3595ca632efafdec9e64ebfaa
typing-extensions==4.16.0 \
    --hash=sha256:481caa481374e813c1b176ada14e97f1f67a4539ce9cfeb3f350d78d6370c2e8
